
Microsoft Visual Studio Solution File, Format Version 12.00
# Visual Studio Version 17
VisualStudioVersion = 17.13.35818.85 d17.13
MinimumVisualStudioVersion = 10.0.40219.1
Project("{FAE04EC0-301F-11D3-BF4B-00C04F79EFBC}") = "ComputersWebShop", "ComputersWebShop\ComputersWebShop.csproj", "{ED1E8666-050D-4D37-8C14-2E80890C697B}"
EndProject
Project("{FAE04EC0-301F-11D3-BF4B-00C04F79EFBC}") = "ComputersLibrary", "ComputersLibrary\ComputersLibrary.csproj", "{FA6C2C9A-4A7D-48D8-A9D7-3552E8EE6CCD}"
EndProject
Global
	GlobalSection(SolutionConfigurationPlatforms) = preSolution
		Debug|Any CPU = Debug|Any CPU
		Release|Any CPU = Release|Any CPU
	EndGlobalSection
	GlobalSection(ProjectConfigurationPlatforms) = postSolution
		{ED1E8666-050D-4D37-8C14-2E80890C697B}.Debug|Any CPU.ActiveCfg = Debug|Any CPU
		{ED1E8666-050D-4D37-8C14-2E80890C697B}.Debug|Any CPU.Build.0 = Debug|Any CPU
		{ED1E8666-050D-4D37-8C14-2E80890C697B}.Release|Any CPU.ActiveCfg = Release|Any CPU
		{ED1E8666-050D-4D37-8C14-2E80890C697B}.Release|Any CPU.Build.0 = Release|Any CPU
		{FA6C2C9A-4A7D-48D8-A9D7-3552E8EE6CCD}.Debug|Any CPU.ActiveCfg = Debug|Any CPU
		{FA6C2C9A-4A7D-48D8-A9D7-3552E8EE6CCD}.Debug|Any CPU.Build.0 = Debug|Any CPU
		{FA6C2C9A-4A7D-48D8-A9D7-3552E8EE6CCD}.Release|Any CPU.ActiveCfg = Release|Any CPU
		{FA6C2C9A-4A7D-48D8-A9D7-3552E8EE6CCD}.Release|Any CPU.Build.0 = Release|Any CPU
	EndGlobalSection
	GlobalSection(SolutionProperties) = preSolution
		HideSolutionNode = FALSE
	EndGlobalSection
	GlobalSection(ExtensibilityGlobals) = postSolution
		SolutionGuid = {628688ED-73D9-4A66-9005-44321F78E973}
	EndGlobalSection
EndGlobal
